// !$*UTF8*$!
{
	archiveVersion = 1;
	classes = {
	};
	objectVersion = 55;
	objects = {

/* Begin PBXBuildFile section */
		F348FA9527C17E42007E4B94 /* QuickToDoListApp.swift in Sources */ = {isa = PBXBuildFile; fileRef = F348FA9427C17E42007E4B94 /* QuickToDoListApp.swift */; };
		F348FA9727C17E42007E4B94 /* ContentView.swift in Sources */ = {isa = PBXBuildFile; fileRef = F348FA9627C17E42007E4B94 /* ContentView.swift */; };
		F348FA9927C17E42007E4B94 /* Assets.xcassets in Resources */ = {isa = PBXBuildFile; fileRef = F348FA9827C17E42007E4B94 /* Assets.xcassets */; };
		F348FA9C27C17E42007E4B94 /* Preview Assets.xcassets in Resources */ = {isa = PBXBuildFile; fileRef = F348FA9B27C17E42007E4B94 /* Preview Assets.xcassets */; };
		F348FAA427C17EDD007E4B94 /* TasksView.swift in Sources */ = {isa = PBXBuildFile; fileRef = F348FAA327C17EDD007E4B94 /* TasksView.swift */; };
		F348FAA627C17F62007E4B94 /* TaskRow.swift in Sources */ = {isa = PBXBuildFile; fileRef = F348FAA527C17F62007E4B94 /* TaskRow.swift */; };
		F348FAA827C18009007E4B94 /* AddTaskView.swift in Sources */ = {isa = PBXBuildFile; fileRef = F348FAA727C18009007E4B94 /* AddTaskView.swift */; };
		F367401B27C32F92008A8C2C /* SmallAddButton.swift in Sources */ = {isa = PBXBuildFile; fileRef = F367401A27C32F92008A8C2C /* SmallAddButton.swift */; };
		F367402227C34090008A8C2C /* RealmManager.swift in Sources */ = {isa = PBXBuildFile; fileRef = F367402127C34090008A8C2C /* RealmManager.swift */; };
		F367402627C34174008A8C2C /* Realm in Frameworks */ = {isa = PBXBuildFile; productRef = F367402527C34174008A8C2C /* Realm */; };
		F367402827C34174008A8C2C /* RealmSwift in Frameworks */ = {isa = PBXBuildFile; productRef = F367402727C34174008A8C2C /* RealmSwift */; };
		F367402A27C3425B008A8C2C /* Task.swift in Sources */ = {isa = PBXBuildFile; fileRef = F367402927C3425B008A8C2C /* Task.swift */; };
/* End PBXBuildFile section */

/* Begin PBXFileReference section */
		F348FA9127C17E42007E4B94 /* QuickToDoList.app */ = {isa = PBXFileReference; explicitFileType = wrapper.application; includeInIndex = 0; path = QuickToDoList.app; sourceTree = BUILT_PRODUCTS_DIR; };
		F348FA9427C17E42007E4B94 /* QuickToDoListApp.swift */ = {isa = PBXFileReference; lastKnownFileType = sourcecode.swift; path = QuickToDoListApp.swift; sourceTree = "<group>"; };
		F348FA9627C17E42007E4B94 /* ContentView.swift */ = {isa = PBXFileReference; lastKnownFileType = sourcecode.swift; path = ContentView.swift; sourceTree = "<group>"; };
		F348FA9827C17E42007E4B94 /* Assets.xcassets */ = {isa = PBXFileReference; lastKnownFileType = folder.assetcatalog; path = Assets.xcassets; sourceTree = "<group>"; };
		F348FA9B27C17E42007E4B94 /* Preview Assets.xcassets */ = {isa = PBXFileReference; lastKnownFileType = folder.assetcatalog; path = "Preview Assets.xcassets"; sourceTree = "<group>"; };
		F348FAA327C17EDD007E4B94 /* TasksView.swift */ = {isa = PBXFileReference; lastKnownFileType = sourcecode.swift; path = TasksView.swift; sourceTree = "<group>"; };
		F348FAA527C17F62007E4B94 /* TaskRow.swift */ = {isa = PBXFileReference; lastKnownFileType = sourcecode.swift; path = TaskRow.swift; sourceTree = "<group>"; };
		F348FAA727C18009007E4B94 /* AddTaskView.swift */ = {isa = PBXFileReference; lastKnownFileType = sourcecode.swift; path = AddTaskView.swift; sourceTree = "<group>"; };
		F367401A27C32F92008A8C2C /* SmallAddButton.swift */ = {isa = PBXFileReference; lastKnownFileType = sourcecode.swift; path = SmallAddButton.swift; sourceTree = "<group>"; };
		F367402127C34090008A8C2C /* RealmManager.swift */ = {isa = PBXFileReference; lastKnownFileType = sourcecode.swift; path = RealmManager.swift; sourceTree = "<group>"; };
		F367402927C3425B008A8C2C /* Task.swift */ = {isa = PBXFileReference; lastKnownFileType = sourcecode.swift; path = Task.swift; sourceTree = "<group>"; };
/* End PBXFileReference section */

/* Begin PBXFrameworksBuildPhase section */
		F348FA8E27C17E42007E4B94 /* Frameworks */ = {
			isa = PBXFrameworksBuildPhase;
			buildActionMask = 2147483647;
			files = (
				F367402827C34174008A8C2C /* RealmSwift in Frameworks */,
				F367402627C34174008A8C2C /* Realm in Frameworks */,
			);
			runOnlyForDeploymentPostprocessing = 0;
		};
/* End PBXFrameworksBuildPhase section */

/* Begin PBXGroup section */
		F348FA8827C17E42007E4B94 = {
			isa = PBXGroup;
			children = (
				F348FA9327C17E42007E4B94 /* QuickToDoList */,
				F348FA9227C17E42007E4B94 /* Products */,
			);
			sourceTree = "<group>";
		};
		F348FA9227C17E42007E4B94 /* Products */ = {
			isa = PBXGroup;
			children = (
				F348FA9127C17E42007E4B94 /* QuickToDoList.app */,
			);
			name = Products;
			sourceTree = "<group>";
		};
		F348FA9327C17E42007E4B94 /* QuickToDoList */ = {
			isa = PBXGroup;
			children = (
				F367402327C34097008A8C2C /* Managers */,
				F348FA9427C17E42007E4B94 /* QuickToDoListApp.swift */,
				F348FAA227C17EB6007E4B94 /* Views */,
				F348FA9827C17E42007E4B94 /* Assets.xcassets */,
				F348FA9A27C17E42007E4B94 /* Preview Content */,
				F367402927C3425B008A8C2C /* Task.swift */,
			);
			path = QuickToDoList;
			sourceTree = "<group>";
		};
		F348FA9A27C17E42007E4B94 /* Preview Content */ = {
			isa = PBXGroup;
			children = (
				F348FA9B27C17E42007E4B94 /* Preview Assets.xcassets */,
			);
			path = "Preview Content";
			sourceTree = "<group>";
		};
		F348FAA227C17EB6007E4B94 /* Views */ = {
			isa = PBXGroup;
			children = (
				F348FA9627C17E42007E4B94 /* ContentView.swift */,
				F348FAA327C17EDD007E4B94 /* TasksView.swift */,
				F348FAA527C17F62007E4B94 /* TaskRow.swift */,
				F348FAA727C18009007E4B94 /* AddTaskView.swift */,
				F367401A27C32F92008A8C2C /* SmallAddButton.swift */,
			);
			path = Views;
			sourceTree = "<group>";
		};
		F367402327C34097008A8C2C /* Managers */ = {
			isa = PBXGroup;
			children = (
				F367402127C34090008A8C2C /* RealmManager.swift */,
			);
			path = Managers;
			sourceTree = "<group>";
		};
/* End PBXGroup section */

/* Begin PBXNativeTarget section */
		F348FA9027C17E42007E4B94 /* QuickToDoList */ = {
			isa = PBXNativeTarget;
			buildConfigurationList = F348FA9F27C17E42007E4B94 /* Build configuration list for PBXNativeTarget "QuickToDoList" */;
			buildPhases = (
				F348FA8D27C17E42007E4B94 /* Sources */,
				F348FA8E27C17E42007E4B94 /* Frameworks */,
				F348FA8F27C17E42007E4B94 /* Resources */,
			);
			buildRules = (
			);
			dependencies = (
			);
			name = QuickToDoList;
			packageProductDependencies = (
				F367402527C34174008A8C2C /* Realm */,
				F367402727C34174008A8C2C /* RealmSwift */,
			);
			productName = QuickToDoList;
			productReference = F348FA9127C17E42007E4B94 /* QuickToDoList.app */;
			productType = "com.apple.product-type.application";
		};
/* End PBXNativeTarget section */

/* Begin PBXProject section */
		F348FA8927C17E42007E4B94 /* Project object */ = {
			isa = PBXProject;
			attributes = {
				BuildIndependentTargetsInParallel = 1;
				LastSwiftUpdateCheck = 1320;
				LastUpgradeCheck = 1320;
				TargetAttributes = {
					F348FA9027C17E42007E4B94 = {
						CreatedOnToolsVersion = 13.2;
					};
				};
			};
			buildConfigurationList = F348FA8C27C17E42007E4B94 /* Build configuration list for PBXProject "QuickToDoList" */;
			compatibilityVersion = "Xcode 13.0";
			developmentRegion = en;
			hasScannedForEncodings = 0;
			knownRegions = (
				en,
				Base,
			);
			mainGroup = F348FA8827C17E42007E4B94;
			packageReferences = (
				F367402427C34173008A8C2C /* XCRemoteSwiftPackageReference "realm-cocoa" */,
			);
			productRefGroup = F348FA9227C17E42007E4B94 /* Products */;
			projectDirPath = "";
			projectRoot = "";
			targets = (
				F348FA9027C17E42007E4B94 /* QuickToDoList */,
			);
		};
/* End PBXProject section */

/* Begin PBXResourcesBuildPhase section */
		F348FA8F27C17E42007E4B94 /* Resources */ = {
			isa = PBXResourcesBuildPhase;
			buildActionMask = 2147483647;
			files = (
				F348FA9C27C17E42007E4B94 /* Preview Assets.xcassets in Resources */,
				F348FA9927C17E42007E4B94 /* Assets.xcassets in Resources */,
			);
			runOnlyForDeploymentPostprocessing = 0;
		};
/* End PBXResourcesBuildPhase section */

/* Begin PBXSourcesBuildPhase section */
		F348FA8D27C17E42007E4B94 /* Sources */ = {
			isa = PBXSourcesBuildPhase;
			buildActionMask = 2147483647;
			files = (
				F367402A27C3425B008A8C2C /* Task.swift in Sources */,
				F348FAA427C17EDD007E4B94 /* TasksView.swift in Sources */,
				F348FAA827C18009007E4B94 /* AddTaskView.swift in Sources */,
				F348FA9727C17E42007E4B94 /* ContentView.swift in Sources */,
				F367402227C34090008A8C2C /* RealmManager.swift in Sources */,
				F367401B27C32F92008A8C2C /* SmallAddButton.swift in Sources */,
				F348FA9527C17E42007E4B94 /* QuickToDoListApp.swift in Sources */,
				F348FAA627C17F62007E4B94 /* TaskRow.swift in Sources */,
			);
			runOnlyForDeploymentPostprocessing = 0;
		};
/* End PBXSourcesBuildPhase section */

/* Begin XCBuildConfiguration section */
		F348FA9D27C17E42007E4B94 /* Debug */ = {
			isa = XCBuildConfiguration;
			buildSettings = {
				ALWAYS_SEARCH_USER_PATHS = NO;
				CLANG_ANALYZER_NONNULL = YES;
				CLANG_ANALYZER_NUMBER_OBJECT_CONVERSION = YES_AGGRESSIVE;
				CLANG_CXX_LANGUAGE_STANDARD = "gnu++17";
				CLANG_CXX_LIBRARY = "libc++";
				CLANG_ENABLE_MODULES = YES;
				CLANG_ENABLE_OBJC_ARC = YES;
				CLANG_ENABLE_OBJC_WEAK = YES;
				CLANG_WARN_BLOCK_CAPTURE_AUTORELEASING = YES;
				CLANG_WARN_BOOL_CONVERSION = YES;
				CLANG_WARN_COMMA = YES;
				CLANG_WARN_CONSTANT_CONVERSION = YES;
				CLANG_WARN_DEPRECATED_OBJC_IMPLEMENTATIONS = YES;
				CLANG_WARN_DIRECT_OBJC_ISA_USAGE = YES_ERROR;
				CLANG_WARN_DOCUMENTATION_COMMENTS = YES;
				CLANG_WARN_EMPTY_BODY = YES;
				CLANG_WARN_ENUM_CONVERSION = YES;
				CLANG_WARN_INFINITE_RECURSION = YES;
				CLANG_WARN_INT_CONVERSION = YES;
				CLANG_WARN_NON_LITERAL_NULL_CONVERSION = YES;
				CLANG_WARN_OBJC_IMPLICIT_RETAIN_SELF = YES;
				CLANG_WARN_OBJC_LITERAL_CONVERSION = YES;
				CLANG_WARN_OBJC_ROOT_CLASS = YES_ERROR;
				CLANG_WARN_QUOTED_INCLUDE_IN_FRAMEWORK_HEADER = YES;
				CLANG_WARN_RANGE_LOOP_ANALYSIS = YES;
				CLANG_WARN_STRICT_PROTOTYPES = YES;
				CLANG_WARN_SUSPICIOUS_MOVE = YES;
				CLANG_WARN_UNGUARDED_AVAILABILITY = YES_AGGRESSIVE;
				CLANG_WARN_UNREACHABLE_CODE = YES;
				CLANG_WARN__DUPLICATE_METHOD_MATCH = YES;
				COPY_PHASE_STRIP = NO;
				DEBUG_INFORMATION_FORMAT = dwarf;
				ENABLE_STRICT_OBJC_MSGSEND = YES;
				ENABLE_TESTABILITY = YES;
				GCC_C_LANGUAGE_STANDARD = gnu11;
				GCC_DYNAMIC_NO_PIC = NO;
				GCC_NO_COMMON_BLOCKS = YES;
				GCC_OPTIMIZATION_LEVEL = 0;
				GCC_PREPROCESSOR_DEFINITIONS = (
					"DEBUG=1",
					"$(inherited)",
				);
				GCC_WARN_64_TO_32_BIT_CONVERSION = YES;
				GCC_WARN_ABOUT_RETURN_TYPE = YES_ERROR;
				GCC_WARN_UNDECLARED_SELECTOR = YES;
				GCC_WARN_UNINITIALIZED_AUTOS = YES_AGGRESSIVE;
				GCC_WARN_UNUSED_FUNCTION = YES;
				GCC_WARN_UNUSED_VARIABLE = YES;
				IPHONEOS_DEPLOYMENT_TARGET = 15.2;
				MTL_ENABLE_DEBUG_INFO = INCLUDE_SOURCE;
				MTL_FAST_MATH = YES;
				ONLY_ACTIVE_ARCH = YES;
				SDKROOT = iphoneos;
				SWIFT_ACTIVE_COMPILATION_CONDITIONS = DEBUG;
				SWIFT_OPTIMIZATION_LEVEL = "-Onone";
			};
			name = Debug;
		};
		F348FA9E27C17E42007E4B94 /* Release */ = {
			isa = XCBuildConfiguration;
			buildSettings = {
				ALWAYS_SEARCH_USER_PATHS = NO;
				CLANG_ANALYZER_NONNULL = YES;
				CLANG_ANALYZER_NUMBER_OBJECT_CONVERSION = YES_AGGRESSIVE;
				CLANG_CXX_LANGUAGE_STANDARD = "gnu++17";
				CLANG_CXX_LIBRARY = "libc++";
				CLANG_ENABLE_MODULES = YES;
				CLANG_ENABLE_OBJC_ARC = YES;
				CLANG_ENABLE_OBJC_WEAK = YES;
				CLANG_WARN_BLOCK_CAPTURE_AUTORELEASING = YES;
				CLANG_WARN_BOOL_CONVERSION = YES;
				CLANG_WARN_COMMA = YES;
				CLANG_WARN_CONSTANT_CONVERSION = YES;
				CLANG_WARN_DEPRECATED_OBJC_IMPLEMENTATIONS = YES;
				CLANG_WARN_DIRECT_OBJC_ISA_USAGE = YES_ERROR;
				CLANG_WARN_DOCUMENTATION_COMMENTS = YES;
				CLANG_WARN_EMPTY_BODY = YES;
				CLANG_WARN_ENUM_CONVERSION = YES;
				CLANG_WARN_INFINITE_RECURSION = YES;
				CLANG_WARN_INT_CONVERSION = YES;
				CLANG_WARN_NON_LITERAL_NULL_CONVERSION = YES;
				CLANG_WARN_OBJC_IMPLICIT_RETAIN_SELF = YES;
				CLANG_WARN_OBJC_LITERAL_CONVERSION = YES;
				CLANG_WARN_OBJC_ROOT_CLASS = YES_ERROR;
				CLANG_WARN_QUOTED_INCLUDE_IN_FRAMEWORK_HEADER = YES;
				CLANG_WARN_RANGE_LOOP_ANALYSIS = YES;
				CLANG_WARN_STRICT_PROTOTYPES = YES;
				CLANG_WARN_SUSPICIOUS_MOVE = YES;
				CLANG_WARN_UNGUARDED_AVAILABILITY = YES_AGGRESSIVE;
				CLANG_WARN_UNREACHABLE_CODE = YES;
				CLANG_WARN__DUPLICATE_METHOD_MATCH = YES;
				COPY_PHASE_STRIP = NO;
				DEBUG_INFORMATION_FORMAT = "dwarf-with-dsym";
				ENABLE_NS_ASSERTIONS = NO;
				ENABLE_STRICT_OBJC_MSGSEND = YES;
				GCC_C_LANGUAGE_STANDARD = gnu11;
				GCC_NO_COMMON_BLOCKS = YES;
				GCC_WARN_64_TO_32_BIT_CONVERSION = YES;
				GCC_WARN_ABOUT_RETURN_TYPE = YES_ERROR;
				GCC_WARN_UNDECLARED_SELECTOR = YES;
				GCC_WARN_UNINITIALIZED_AUTOS = YES_AGGRESSIVE;
				GCC_WARN_UNUSED_FUNCTION = YES;
				GCC_WARN_UNUSED_VARIABLE = YES;
				IPHONEOS_DEPLOYMENT_TARGET = 15.2;
				MTL_ENABLE_DEBUG_INFO = NO;
				MTL_FAST_MATH = YES;
				SDKROOT = iphoneos;
				SWIFT_COMPILATION_MODE = wholemodule;
				SWIFT_OPTIMIZATION_LEVEL = "-O";
				VALIDATE_PRODUCT = YES;
			};
			name = Release;
		};
		F348FAA027C17E42007E4B94 /* Debug */ = {
			isa = XCBuildConfiguration;
			buildSettings = {
				ASSETCATALOG_COMPILER_APPICON_NAME = AppIcon;
				ASSETCATALOG_COMPILER_GLOBAL_ACCENT_COLOR_NAME = AccentColor;
				CODE_SIGN_STYLE = Automatic;
				CURRENT_PROJECT_VERSION = 1;
				DEVELOPMENT_ASSET_PATHS = "\"QuickToDoList/Preview Content\"";
				DEVELOPMENT_TEAM = 2ZQL83VDW2;
				ENABLE_PREVIEWS = YES;
				GENERATE_INFOPLIST_FILE = YES;
				INFOPLIST_KEY_UIApplicationSceneManifest_Generation = YES;
				INFOPLIST_KEY_UIApplicationSupportsIndirectInputEvents = YES;
				INFOPLIST_KEY_UILaunchScreen_Generation = YES;
				INFOPLIST_KEY_UISupportedInterfaceOrientations_iPad = "UIInterfaceOrientationPortrait UIInterfaceOrientationPortraitUpsideDown UIInterfaceOrientationLandscapeLeft UIInterfaceOrientationLandscapeRight";
				INFOPLIST_KEY_UISupportedInterfaceOrientations_iPhone = "UIInterfaceOrientationPortrait UIInterfaceOrientationLandscapeLeft UIInterfaceOrientationLandscapeRight";
				LD_RUNPATH_SEARCH_PATHS = (
					"$(inherited)",
					"@executable_path/Frameworks",
				);
				MARKETING_VERSION = 1.0;
				PRODUCT_BUNDLE_IDENTIFIER = com.patrickserrano.QuickToDoList;
				PRODUCT_NAME = "$(TARGET_NAME)";
				SWIFT_EMIT_LOC_STRINGS = YES;
				SWIFT_VERSION = 5.0;
				TARGETED_DEVICE_FAMILY = "1,2";
			};
			name = Debug;
		};
		F348FAA127C17E42007E4B94 /* Release */ = {
			isa = XCBuildConfiguration;
			buildSettings = {
				ASSETCATALOG_COMPILER_APPICON_NAME = AppIcon;
				ASSETCATALOG_COMPILER_GLOBAL_ACCENT_COLOR_NAME = AccentColor;
				CODE_SIGN_STYLE = Automatic;
				CURRENT_PROJECT_VERSION = 1;
				DEVELOPMENT_ASSET_PATHS = "\"QuickToDoList/Preview Content\"";
				DEVELOPMENT_TEAM = 2ZQL83VDW2;
				ENABLE_PREVIEWS = YES;
				GENERATE_INFOPLIST_FILE = YES;
				INFOPLIST_KEY_UIApplicationSceneManifest_Generation = YES;
				INFOPLIST_KEY_UIApplicationSupportsIndirectInputEvents = YES;
				INFOPLIST_KEY_UILaunchScreen_Generation = YES;
				INFOPLIST_KEY_UISupportedInterfaceOrientations_iPad = "UIInterfaceOrientationPortrait UIInterfaceOrientationPortraitUpsideDown UIInterfaceOrientationLandscapeLeft UIInterfaceOrientationLandscapeRight";
				INFOPLIST_KEY_UISupportedInterfaceOrientations_iPhone = "UIInterfaceOrientationPortrait UIInterfaceOrientationLandscapeLeft UIInterfaceOrientationLandscapeRight";
				LD_RUNPATH_SEARCH_PATHS = (
					"$(inherited)",
					"@executable_path/Frameworks",
				);
				MARKETING_VERSION = 1.0;
				PRODUCT_BUNDLE_IDENTIFIER = com.patrickserrano.QuickToDoList;
				PRODUCT_NAME = "$(TARGET_NAME)";
				SWIFT_EMIT_LOC_STRINGS = YES;
				SWIFT_VERSION = 5.0;
				TARGETED_DEVICE_FAMILY = "1,2";
			};
			name = Release;
		};
/* End XCBuildConfiguration section */

/* Begin XCConfigurationList section */
		F348FA8C27C17E42007E4B94 /* Build configuration list for PBXProject "QuickToDoList" */ = {
			isa = XCConfigurationList;
			buildConfigurations = (
				F348FA9D27C17E42007E4B94 /* Debug */,
				F348FA9E27C17E42007E4B94 /* Release */,
			);
			defaultConfigurationIsVisible = 0;
			defaultConfigurationName = Release;
		};
		F348FA9F27C17E42007E4B94 /* Build configuration list for PBXNativeTarget "QuickToDoList" */ = {
			isa = XCConfigurationList;
			buildConfigurations = (
				F348FAA027C17E42007E4B94 /* Debug */,
				F348FAA127C17E42007E4B94 /* Release */,
			);
			defaultConfigurationIsVisible = 0;
			defaultConfigurationName = Release;
		};
/* End XCConfigurationList section */

/* Begin XCRemoteSwiftPackageReference section */
		F367402427C34173008A8C2C /* XCRemoteSwiftPackageReference "realm-cocoa" */ = {
			isa = XCRemoteSwiftPackageReference;
			repositoryURL = "https://github.com/realm/realm-cocoa.git";
			requirement = {
				kind = upToNextMajorVersion;
				minimumVersion = 10.10.0;
			};
		};
/* End XCRemoteSwiftPackageReference section */

/* Begin XCSwiftPackageProductDependency section */
		F367402527C34174008A8C2C /* Realm */ = {
			isa = XCSwiftPackageProductDependency;
			package = F367402427C34173008A8C2C /* XCRemoteSwiftPackageReference "realm-cocoa" */;
			productName = Realm;
		};
		F367402727C34174008A8C2C /* RealmSwift */ = {
			isa = XCSwiftPackageProductDependency;
			package = F367402427C34173008A8C2C /* XCRemoteSwiftPackageReference "realm-cocoa" */;
			productName = RealmSwift;
		};
/* End XCSwiftPackageProductDependency section */
	};
	rootObject = F348FA8927C17E42007E4B94 /* Project object */;
}
